
Microsoft Visual Studio Solution File, Format Version 12.00
# Visual Studio Version 17
VisualStudioVersion = 17.14.36414.22 d17.14
MinimumVisualStudioVersion = 10.0.40219.1
Project("{FAE04EC0-301F-11D3-BF4B-00C04F79EFBC}") = "StudentCourseRegistrationAPI", "StudentCourseRegistrationAPI\StudentCourseRegistrationAPI.csproj", "{0F4F53A2-D628-471C-8B91-042C64DF48A1}"
EndProject
Global
	GlobalSection(SolutionConfigurationPlatforms) = preSolution
		Debug|Any CPU = Debug|Any CPU
		Release|Any CPU = Release|Any CPU
	EndGlobalSection
	GlobalSection(ProjectConfigurationPlatforms) = postSolution
		{0F4F53A2-D628-471C-8B91-042C64DF48A1}.Debug|Any CPU.ActiveCfg = Debug|Any CPU
		{0F4F53A2-D628-471C-8B91-042C64DF48A1}.Debug|Any CPU.Build.0 = Debug|Any CPU
		{0F4F53A2-D628-471C-8B91-042C64DF48A1}.Release|Any CPU.ActiveCfg = Release|Any CPU
		{0F4F53A2-D628-471C-8B91-042C64DF48A1}.Release|Any CPU.Build.0 = Release|Any CPU
	EndGlobalSection
	GlobalSection(SolutionProperties) = preSolution
		HideSolutionNode = FALSE
	EndGlobalSection
	GlobalSection(ExtensibilityGlobals) = postSolution
		SolutionGuid = {6A476987-4DCA-44E2-BC81-C1BF02A11E10}
	EndGlobalSection
EndGlobal
